
Microsoft Visual Studio Solution File, Format Version 12.00
# Visual Studio Version 17
VisualStudioVersion = 17.8.34322.80
MinimumVisualStudioVersion = 10.0.40219.1
Project("{FAE04EC0-301F-11D3-BF4B-00C04F79EFBC}") = "Business", "Business\Business.csproj", "{580D2B11-E0B9-4D64-A594-97E22417FA26}"
EndProject
Project("{FAE04EC0-301F-11D3-BF4B-00C04F79EFBC}") = "EntitiesLayer", "EntitiesLayer\EntitiesLayer.csproj", "{AB426BD5-EB12-4A1F-8576-038BF1131624}"
EndProject
Global
	GlobalSection(SolutionConfigurationPlatforms) = preSolution
		Debug|Any CPU = Debug|Any CPU
		Release|Any CPU = Release|Any CPU
	EndGlobalSection
	GlobalSection(ProjectConfigurationPlatforms) = postSolution
		{580D2B11-E0B9-4D64-A594-97E22417FA26}.Debug|Any CPU.ActiveCfg = Debug|Any CPU
		{580D2B11-E0B9-4D64-A594-97E22417FA26}.Debug|Any CPU.Build.0 = Debug|Any CPU
		{580D2B11-E0B9-4D64-A594-97E22417FA26}.Release|Any CPU.ActiveCfg = Release|Any CPU
		{580D2B11-E0B9-4D64-A594-97E22417FA26}.Release|Any CPU.Build.0 = Release|Any CPU
		{AB426BD5-EB12-4A1F-8576-038BF1131624}.Debug|Any CPU.ActiveCfg = Debug|Any CPU
		{AB426BD5-EB12-4A1F-8576-038BF1131624}.Debug|Any CPU.Build.0 = Debug|Any CPU
		{AB426BD5-EB12-4A1F-8576-038BF1131624}.Release|Any CPU.ActiveCfg = Release|Any CPU
		{AB426BD5-EB12-4A1F-8576-038BF1131624}.Release|Any CPU.Build.0 = Release|Any CPU
	EndGlobalSection
	GlobalSection(SolutionProperties) = preSolution
		HideSolutionNode = FALSE
	EndGlobalSection
	GlobalSection(ExtensibilityGlobals) = postSolution
		SolutionGuid = {C9DE24E1-78BE-40EA-863F-470ACB545E73}
	EndGlobalSection
EndGlobal
